
Microsoft Visual Studio Solution File, Format Version 12.00
# Visual Studio Version 17
VisualStudioVersion = 17.12.35527.113
MinimumVisualStudioVersion = 10.0.40219.1
Project("{2150E333-8FDC-42A3-9474-1A3956D46DE8}") = "API", "API", "{6DFD8B55-C8C4-4C2A-8064-CD23E65CA3B6}"
EndProject
Project("{FAE04EC0-301F-11D3-BF4B-00C04F79EFBC}") = "EShop.API", "API\EShop.API\EShop.API.csproj", "{089B02BB-0D1F-4C57-A202-D95C06F085D9}"
EndProject
Project("{2150E333-8FDC-42A3-9474-1A3956D46DE8}") = "Shared", "Shared", "{1CC20749-B11D-408B-AD03-659B25133CBC}"
EndProject
Project("{FAE04EC0-301F-11D3-BF4B-00C04F79EFBC}") = "EShop.Shared.Domain", "Shared\EShop.Shared.Domain\EShop.Shared.Domain.csproj", "{70B4CF5E-08BE-40F1-876C-AFE686E02C3C}"
EndProject
Project("{FAE04EC0-301F-11D3-BF4B-00C04F79EFBC}") = "EShop.Shared.Application", "Shared\EShop.Shared.Application\EShop.Shared.Application.csproj", "{43DADBCC-F484-41CE-9E8B-956C879B6FA4}"
EndProject
Project("{FAE04EC0-301F-11D3-BF4B-00C04F79EFBC}") = "EShop.Shared.Infrastructure", "Shared\EShop.Shared.Infrastructure\EShop.Shared.Infrastructure.csproj", "{056E4F03-B59F-478A-AD3C-5603ED82349D}"
EndProject
Project("{2150E333-8FDC-42A3-9474-1A3956D46DE8}") = "Modules", "Modules", "{BDD464A1-018C-4FE4-AF43-A002C34D80AB}"
EndProject
Project("{2150E333-8FDC-42A3-9474-1A3956D46DE8}") = "ShoppingCart", "ShoppingCart", "{A4408796-FD3E-408E-A0EB-3575B349CB6F}"
EndProject
Project("{FAE04EC0-301F-11D3-BF4B-00C04F79EFBC}") = "EShop.ShoppingCart.Domain", "Modules\ShoppingCart\EShop.ShoppingCart.Domain\EShop.ShoppingCart.Domain.csproj", "{9A48E262-B72C-45E4-898F-DB959966BC94}"
EndProject
Project("{FAE04EC0-301F-11D3-BF4B-00C04F79EFBC}") = "EShop.ShoppingCart.Application", "Modules\ShoppingCart\EShop.ShoppingCart.Application\EShop.ShoppingCart.Application.csproj", "{F1AF2659-231A-4A8F-964B-D87EE195B27D}"
EndProject
Project("{FAE04EC0-301F-11D3-BF4B-00C04F79EFBC}") = "EShop.ShoppingCart.Infrastructure", "Modules\ShoppingCart\EShop.ShoppingCart.Infrastructure\EShop.ShoppingCart.Infrastructure.csproj", "{2F0B6567-8CB5-4090-AEEB-53AEC4EA023B}"
EndProject
Project("{2150E333-8FDC-42A3-9474-1A3956D46DE8}") = "Catalog", "Catalog", "{A163F64A-D4D5-4565-AF15-792F3642CE05}"
EndProject
Project("{FAE04EC0-301F-11D3-BF4B-00C04F79EFBC}") = "EShop.Catalog.Domain", "Modules\Catalog\EShop.Catalog.Domain\EShop.Catalog.Domain.csproj", "{4D331C1F-2CBC-4FF7-94C0-A0FD42E355ED}"
EndProject
Project("{FAE04EC0-301F-11D3-BF4B-00C04F79EFBC}") = "EShop.Catalog.Application", "Modules\Catalog\EShop.Catalog.Application\EShop.Catalog.Application.csproj", "{FA4CD34D-A274-40D2-8026-0AC4E0D46837}"
EndProject
Project("{FAE04EC0-301F-11D3-BF4B-00C04F79EFBC}") = "EShop.Catolog.Infrastructure", "Modules\Catalog\EShop.Catolog.Infrastructure\EShop.Catolog.Infrastructure.csproj", "{975279D3-B248-4A50-B36B-F774A39EF512}"
EndProject
Project("{FAE04EC0-301F-11D3-BF4B-00C04F79EFBC}") = "EShop.Catalog.IntegrationEvent", "Modules\Catalog\EShop.Catalog.IntegrationEvent\EShop.Catalog.IntegrationEvent.csproj", "{AFF5D526-B2C7-4760-8D64-52FA21CEF074}"
EndProject
Project("{FAE04EC0-301F-11D3-BF4B-00C04F79EFBC}") = "EShop.ShoppingCart.IntegrationEvent", "Modules\ShoppingCart\EShop.ShoppingCart.IntegrationEvent\EShop.ShoppingCart.IntegrationEvent.csproj", "{1724AE66-DD47-4D8C-8AB6-8DEF134936C3}"
EndProject
Project("{2150E333-8FDC-42A3-9474-1A3956D46DE8}") = "Order", "Order", "{241B3DAD-5CA6-41D2-9138-FCCD865E5A4C}"
EndProject
Project("{FAE04EC0-301F-11D3-BF4B-00C04F79EFBC}") = "EShop.Order.Domain", "Modules\Order\EShop.Order.Domain\EShop.Order.Domain.csproj", "{CC2B2AF9-4584-44E6-8C75-B75C4C455F4F}"
EndProject
Project("{FAE04EC0-301F-11D3-BF4B-00C04F79EFBC}") = "EShop.Order.Application", "Modules\Order\EShop.Order.Application\EShop.Order.Application.csproj", "{ECF2F541-217D-4646-9D93-4E8C1B83A2AF}"
EndProject
Project("{FAE04EC0-301F-11D3-BF4B-00C04F79EFBC}") = "EShop.Order.Infrastructure", "Modules\Order\EShop.Order.Infrastructure\EShop.Order.Infrastructure.csproj", "{CF9ACC44-C97B-4861-AEE2-29FFB9C8FEB6}"
EndProject
Project("{FAE04EC0-301F-11D3-BF4B-00C04F79EFBC}") = "EShop.Order.IntegrationEvent", "Modules\Order\EShop.Order.IntegrationEvent\EShop.Order.IntegrationEvent.csproj", "{7B371B59-6ED8-42F8-9C2B-635B775D60AA}"
EndProject
Project("{2150E333-8FDC-42A3-9474-1A3956D46DE8}") = "Identity", "Identity", "{3BBE122E-1B62-4AC9-81CB-735E579264C7}"
EndProject
Project("{2150E333-8FDC-42A3-9474-1A3956D46DE8}") = "Discount", "Discount", "{A90A87DA-DFD3-446B-AD90-7E5EF61B8774}"
EndProject
Project("{FAE04EC0-301F-11D3-BF4B-00C04F79EFBC}") = "EShop.Identity.Domain", "Modules\Identity\EShop.Identity.Domain\EShop.Identity.Domain.csproj", "{5886DFF4-CDFF-494A-BF8D-68C82D15910E}"
EndProject
Project("{FAE04EC0-301F-11D3-BF4B-00C04F79EFBC}") = "EShop.Identity.Application", "Modules\Identity\EShop.Identity.Application\EShop.Identity.Application.csproj", "{7605CDD3-5963-48D1-AA3C-FFC69F12EDAC}"
EndProject
Project("{FAE04EC0-301F-11D3-BF4B-00C04F79EFBC}") = "EShop.Identity.Infrastructure", "Modules\Identity\EShop.Identity.Infrastructure\EShop.Identity.Infrastructure.csproj", "{39742593-E3D8-4BF2-BD55-D7DB7E43BBA3}"
EndProject
Project("{FAE04EC0-301F-11D3-BF4B-00C04F79EFBC}") = "EShop.Identity.IntegrationEvent", "Modules\Identity\EShop.Identity.IntegrationEvent\EShop.Identity.IntegrationEvent.csproj", "{1B5838AB-8D69-4D8F-AB2C-150C16C330F3}"
EndProject
Project("{FAE04EC0-301F-11D3-BF4B-00C04F79EFBC}") = "EShop.Discount.Domain", "Modules\Discount\EShop.Discount.Domain\EShop.Discount.Domain.csproj", "{5106667A-B849-45F3-B6E0-3E5291A0FC22}"
EndProject
Project("{FAE04EC0-301F-11D3-BF4B-00C04F79EFBC}") = "EShop.Discount.Application", "Modules\Discount\EShop.Discount.Application\EShop.Discount.Application.csproj", "{E6331CC1-F30E-48E7-AD9B-F38E9CF2C294}"
EndProject
Project("{FAE04EC0-301F-11D3-BF4B-00C04F79EFBC}") = "EShop.Discount.Infrastructure", "Modules\Discount\EShop.Discount.Infrastructure\EShop.Discount.Infrastructure.csproj", "{3FFF2C7C-D5AD-4E47-BDC5-1A7F1390796D}"
EndProject
Project("{FAE04EC0-301F-11D3-BF4B-00C04F79EFBC}") = "EShop.Discount.IntegrationEvent", "Modules\Discount\EShop.Discount.IntegrationEvent\EShop.Discount.IntegrationEvent.csproj", "{E62C2D4D-8291-4771-A848-A5943E56761D}"
EndProject
Global
	GlobalSection(SolutionConfigurationPlatforms) = preSolution
		Debug|Any CPU = Debug|Any CPU
		Release|Any CPU = Release|Any CPU
	EndGlobalSection
	GlobalSection(ProjectConfigurationPlatforms) = postSolution
		{089B02BB-0D1F-4C57-A202-D95C06F085D9}.Debug|Any CPU.ActiveCfg = Debug|Any CPU
		{089B02BB-0D1F-4C57-A202-D95C06F085D9}.Debug|Any CPU.Build.0 = Debug|Any CPU
		{089B02BB-0D1F-4C57-A202-D95C06F085D9}.Release|Any CPU.ActiveCfg = Release|Any CPU
		{089B02BB-0D1F-4C57-A202-D95C06F085D9}.Release|Any CPU.Build.0 = Release|Any CPU
		{70B4CF5E-08BE-40F1-876C-AFE686E02C3C}.Debug|Any CPU.ActiveCfg = Debug|Any CPU
		{70B4CF5E-08BE-40F1-876C-AFE686E02C3C}.Debug|Any CPU.Build.0 = Debug|Any CPU
		{70B4CF5E-08BE-40F1-876C-AFE686E02C3C}.Release|Any CPU.ActiveCfg = Release|Any CPU
		{70B4CF5E-08BE-40F1-876C-AFE686E02C3C}.Release|Any CPU.Build.0 = Release|Any CPU
		{43DADBCC-F484-41CE-9E8B-956C879B6FA4}.Debug|Any CPU.ActiveCfg = Debug|Any CPU
		{43DADBCC-F484-41CE-9E8B-956C879B6FA4}.Debug|Any CPU.Build.0 = Debug|Any CPU
		{43DADBCC-F484-41CE-9E8B-956C879B6FA4}.Release|Any CPU.ActiveCfg = Release|Any CPU
		{43DADBCC-F484-41CE-9E8B-956C879B6FA4}.Release|Any CPU.Build.0 = Release|Any CPU
		{056E4F03-B59F-478A-AD3C-5603ED82349D}.Debug|Any CPU.ActiveCfg = Debug|Any CPU
		{056E4F03-B59F-478A-AD3C-5603ED82349D}.Debug|Any CPU.Build.0 = Debug|Any CPU
		{056E4F03-B59F-478A-AD3C-5603ED82349D}.Release|Any CPU.ActiveCfg = Release|Any CPU
		{056E4F03-B59F-478A-AD3C-5603ED82349D}.Release|Any CPU.Build.0 = Release|Any CPU
		{9A48E262-B72C-45E4-898F-DB959966BC94}.Debug|Any CPU.ActiveCfg = Debug|Any CPU
		{9A48E262-B72C-45E4-898F-DB959966BC94}.Debug|Any CPU.Build.0 = Debug|Any CPU
		{9A48E262-B72C-45E4-898F-DB959966BC94}.Release|Any CPU.ActiveCfg = Release|Any CPU
		{9A48E262-B72C-45E4-898F-DB959966BC94}.Release|Any CPU.Build.0 = Release|Any CPU
		{F1AF2659-231A-4A8F-964B-D87EE195B27D}.Debug|Any CPU.ActiveCfg = Debug|Any CPU
		{F1AF2659-231A-4A8F-964B-D87EE195B27D}.Debug|Any CPU.Build.0 = Debug|Any CPU
		{F1AF2659-231A-4A8F-964B-D87EE195B27D}.Release|Any CPU.ActiveCfg = Release|Any CPU
		{F1AF2659-231A-4A8F-964B-D87EE195B27D}.Release|Any CPU.Build.0 = Release|Any CPU
		{2F0B6567-8CB5-4090-AEEB-53AEC4EA023B}.Debug|Any CPU.ActiveCfg = Debug|Any CPU
		{2F0B6567-8CB5-4090-AEEB-53AEC4EA023B}.Debug|Any CPU.Build.0 = Debug|Any CPU
		{2F0B6567-8CB5-4090-AEEB-53AEC4EA023B}.Release|Any CPU.ActiveCfg = Release|Any CPU
		{2F0B6567-8CB5-4090-AEEB-53AEC4EA023B}.Release|Any CPU.Build.0 = Release|Any CPU
		{4D331C1F-2CBC-4FF7-94C0-A0FD42E355ED}.Debug|Any CPU.ActiveCfg = Debug|Any CPU
		{4D331C1F-2CBC-4FF7-94C0-A0FD42E355ED}.Debug|Any CPU.Build.0 = Debug|Any CPU
		{4D331C1F-2CBC-4FF7-94C0-A0FD42E355ED}.Release|Any CPU.ActiveCfg = Release|Any CPU
		{4D331C1F-2CBC-4FF7-94C0-A0FD42E355ED}.Release|Any CPU.Build.0 = Release|Any CPU
		{FA4CD34D-A274-40D2-8026-0AC4E0D46837}.Debug|Any CPU.ActiveCfg = Debug|Any CPU
		{FA4CD34D-A274-40D2-8026-0AC4E0D46837}.Debug|Any CPU.Build.0 = Debug|Any CPU
		{FA4CD34D-A274-40D2-8026-0AC4E0D46837}.Release|Any CPU.ActiveCfg = Release|Any CPU
		{FA4CD34D-A274-40D2-8026-0AC4E0D46837}.Release|Any CPU.Build.0 = Release|Any CPU
		{975279D3-B248-4A50-B36B-F774A39EF512}.Debug|Any CPU.ActiveCfg = Debug|Any CPU
		{975279D3-B248-4A50-B36B-F774A39EF512}.Debug|Any CPU.Build.0 = Debug|Any CPU
		{975279D3-B248-4A50-B36B-F774A39EF512}.Release|Any CPU.ActiveCfg = Release|Any CPU
		{975279D3-B248-4A50-B36B-F774A39EF512}.Release|Any CPU.Build.0 = Release|Any CPU
		{AFF5D526-B2C7-4760-8D64-52FA21CEF074}.Debug|Any CPU.ActiveCfg = Debug|Any CPU
		{AFF5D526-B2C7-4760-8D64-52FA21CEF074}.Debug|Any CPU.Build.0 = Debug|Any CPU
		{AFF5D526-B2C7-4760-8D64-52FA21CEF074}.Release|Any CPU.ActiveCfg = Release|Any CPU
		{AFF5D526-B2C7-4760-8D64-52FA21CEF074}.Release|Any CPU.Build.0 = Release|Any CPU
		{1724AE66-DD47-4D8C-8AB6-8DEF134936C3}.Debug|Any CPU.ActiveCfg = Debug|Any CPU
		{1724AE66-DD47-4D8C-8AB6-8DEF134936C3}.Debug|Any CPU.Build.0 = Debug|Any CPU
		{1724AE66-DD47-4D8C-8AB6-8DEF134936C3}.Release|Any CPU.ActiveCfg = Release|Any CPU
		{1724AE66-DD47-4D8C-8AB6-8DEF134936C3}.Release|Any CPU.Build.0 = Release|Any CPU
		{CC2B2AF9-4584-44E6-8C75-B75C4C455F4F}.Debug|Any CPU.ActiveCfg = Debug|Any CPU
		{CC2B2AF9-4584-44E6-8C75-B75C4C455F4F}.Debug|Any CPU.Build.0 = Debug|Any CPU
		{CC2B2AF9-4584-44E6-8C75-B75C4C455F4F}.Release|Any CPU.ActiveCfg = Release|Any CPU
		{CC2B2AF9-4584-44E6-8C75-B75C4C455F4F}.Release|Any CPU.Build.0 = Release|Any CPU
		{ECF2F541-217D-4646-9D93-4E8C1B83A2AF}.Debug|Any CPU.ActiveCfg = Debug|Any CPU
		{ECF2F541-217D-4646-9D93-4E8C1B83A2AF}.Debug|Any CPU.Build.0 = Debug|Any CPU
		{ECF2F541-217D-4646-9D93-4E8C1B83A2AF}.Release|Any CPU.ActiveCfg = Release|Any CPU
		{ECF2F541-217D-4646-9D93-4E8C1B83A2AF}.Release|Any CPU.Build.0 = Release|Any CPU
		{CF9ACC44-C97B-4861-AEE2-29FFB9C8FEB6}.Debug|Any CPU.ActiveCfg = Debug|Any CPU
		{CF9ACC44-C97B-4861-AEE2-29FFB9C8FEB6}.Debug|Any CPU.Build.0 = Debug|Any CPU
		{CF9ACC44-C97B-4861-AEE2-29FFB9C8FEB6}.Release|Any CPU.ActiveCfg = Release|Any CPU
		{CF9ACC44-C97B-4861-AEE2-29FFB9C8FEB6}.Release|Any CPU.Build.0 = Release|Any CPU
		{7B371B59-6ED8-42F8-9C2B-635B775D60AA}.Debug|Any CPU.ActiveCfg = Debug|Any CPU
		{7B371B59-6ED8-42F8-9C2B-635B775D60AA}.Debug|Any CPU.Build.0 = Debug|Any CPU
		{7B371B59-6ED8-42F8-9C2B-635B775D60AA}.Release|Any CPU.ActiveCfg = Release|Any CPU
		{7B371B59-6ED8-42F8-9C2B-635B775D60AA}.Release|Any CPU.Build.0 = Release|Any CPU
		{5886DFF4-CDFF-494A-BF8D-68C82D15910E}.Debug|Any CPU.ActiveCfg = Debug|Any CPU
		{5886DFF4-CDFF-494A-BF8D-68C82D15910E}.Debug|Any CPU.Build.0 = Debug|Any CPU
		{5886DFF4-CDFF-494A-BF8D-68C82D15910E}.Release|Any CPU.ActiveCfg = Release|Any CPU
		{5886DFF4-CDFF-494A-BF8D-68C82D15910E}.Release|Any CPU.Build.0 = Release|Any CPU
		{7605CDD3-5963-48D1-AA3C-FFC69F12EDAC}.Debug|Any CPU.ActiveCfg = Debug|Any CPU
		{7605CDD3-5963-48D1-AA3C-FFC69F12EDAC}.Debug|Any CPU.Build.0 = Debug|Any CPU
		{7605CDD3-5963-48D1-AA3C-FFC69F12EDAC}.Release|Any CPU.ActiveCfg = Release|Any CPU
		{7605CDD3-5963-48D1-AA3C-FFC69F12EDAC}.Release|Any CPU.Build.0 = Release|Any CPU
		{39742593-E3D8-4BF2-BD55-D7DB7E43BBA3}.Debug|Any CPU.ActiveCfg = Debug|Any CPU
		{39742593-E3D8-4BF2-BD55-D7DB7E43BBA3}.Debug|Any CPU.Build.0 = Debug|Any CPU
		{39742593-E3D8-4BF2-BD55-D7DB7E43BBA3}.Release|Any CPU.ActiveCfg = Release|Any CPU
		{39742593-E3D8-4BF2-BD55-D7DB7E43BBA3}.Release|Any CPU.Build.0 = Release|Any CPU
		{1B5838AB-8D69-4D8F-AB2C-150C16C330F3}.Debug|Any CPU.ActiveCfg = Debug|Any CPU
		{1B5838AB-8D69-4D8F-AB2C-150C16C330F3}.Debug|Any CPU.Build.0 = Debug|Any CPU
		{1B5838AB-8D69-4D8F-AB2C-150C16C330F3}.Release|Any CPU.ActiveCfg = Release|Any CPU
		{1B5838AB-8D69-4D8F-AB2C-150C16C330F3}.Release|Any CPU.Build.0 = Release|Any CPU
		{5106667A-B849-45F3-B6E0-3E5291A0FC22}.Debug|Any CPU.ActiveCfg = Debug|Any CPU
		{5106667A-B849-45F3-B6E0-3E5291A0FC22}.Debug|Any CPU.Build.0 = Debug|Any CPU
		{5106667A-B849-45F3-B6E0-3E5291A0FC22}.Release|Any CPU.ActiveCfg = Release|Any CPU
		{5106667A-B849-45F3-B6E0-3E5291A0FC22}.Release|Any CPU.Build.0 = Release|Any CPU
		{E6331CC1-F30E-48E7-AD9B-F38E9CF2C294}.Debug|Any CPU.ActiveCfg = Debug|Any CPU
		{E6331CC1-F30E-48E7-AD9B-F38E9CF2C294}.Debug|Any CPU.Build.0 = Debug|Any CPU
		{E6331CC1-F30E-48E7-AD9B-F38E9CF2C294}.Release|Any CPU.ActiveCfg = Release|Any CPU
		{E6331CC1-F30E-48E7-AD9B-F38E9CF2C294}.Release|Any CPU.Build.0 = Release|Any CPU
		{3FFF2C7C-D5AD-4E47-BDC5-1A7F1390796D}.Debug|Any CPU.ActiveCfg = Debug|Any CPU
		{3FFF2C7C-D5AD-4E47-BDC5-1A7F1390796D}.Debug|Any CPU.Build.0 = Debug|Any CPU
		{3FFF2C7C-D5AD-4E47-BDC5-1A7F1390796D}.Release|Any CPU.ActiveCfg = Release|Any CPU
		{3FFF2C7C-D5AD-4E47-BDC5-1A7F1390796D}.Release|Any CPU.Build.0 = Release|Any CPU
		{E62C2D4D-8291-4771-A848-A5943E56761D}.Debug|Any CPU.ActiveCfg = Debug|Any CPU
		{E62C2D4D-8291-4771-A848-A5943E56761D}.Debug|Any CPU.Build.0 = Debug|Any CPU
		{E62C2D4D-8291-4771-A848-A5943E56761D}.Release|Any CPU.ActiveCfg = Release|Any CPU
		{E62C2D4D-8291-4771-A848-A5943E56761D}.Release|Any CPU.Build.0 = Release|Any CPU
	EndGlobalSection
	GlobalSection(SolutionProperties) = preSolution
		HideSolutionNode = FALSE
	EndGlobalSection
	GlobalSection(NestedProjects) = preSolution
		{089B02BB-0D1F-4C57-A202-D95C06F085D9} = {6DFD8B55-C8C4-4C2A-8064-CD23E65CA3B6}
		{70B4CF5E-08BE-40F1-876C-AFE686E02C3C} = {1CC20749-B11D-408B-AD03-659B25133CBC}
		{43DADBCC-F484-41CE-9E8B-956C879B6FA4} = {1CC20749-B11D-408B-AD03-659B25133CBC}
		{056E4F03-B59F-478A-AD3C-5603ED82349D} = {1CC20749-B11D-408B-AD03-659B25133CBC}
		{A4408796-FD3E-408E-A0EB-3575B349CB6F} = {BDD464A1-018C-4FE4-AF43-A002C34D80AB}
		{9A48E262-B72C-45E4-898F-DB959966BC94} = {A4408796-FD3E-408E-A0EB-3575B349CB6F}
		{F1AF2659-231A-4A8F-964B-D87EE195B27D} = {A4408796-FD3E-408E-A0EB-3575B349CB6F}
		{2F0B6567-8CB5-4090-AEEB-53AEC4EA023B} = {A4408796-FD3E-408E-A0EB-3575B349CB6F}
		{A163F64A-D4D5-4565-AF15-792F3642CE05} = {BDD464A1-018C-4FE4-AF43-A002C34D80AB}
		{4D331C1F-2CBC-4FF7-94C0-A0FD42E355ED} = {A163F64A-D4D5-4565-AF15-792F3642CE05}
		{FA4CD34D-A274-40D2-8026-0AC4E0D46837} = {A163F64A-D4D5-4565-AF15-792F3642CE05}
		{975279D3-B248-4A50-B36B-F774A39EF512} = {A163F64A-D4D5-4565-AF15-792F3642CE05}
		{AFF5D526-B2C7-4760-8D64-52FA21CEF074} = {A163F64A-D4D5-4565-AF15-792F3642CE05}
		{1724AE66-DD47-4D8C-8AB6-8DEF134936C3} = {A4408796-FD3E-408E-A0EB-3575B349CB6F}
		{241B3DAD-5CA6-41D2-9138-FCCD865E5A4C} = {BDD464A1-018C-4FE4-AF43-A002C34D80AB}
		{CC2B2AF9-4584-44E6-8C75-B75C4C455F4F} = {241B3DAD-5CA6-41D2-9138-FCCD865E5A4C}
		{ECF2F541-217D-4646-9D93-4E8C1B83A2AF} = {241B3DAD-5CA6-41D2-9138-FCCD865E5A4C}
		{CF9ACC44-C97B-4861-AEE2-29FFB9C8FEB6} = {241B3DAD-5CA6-41D2-9138-FCCD865E5A4C}
		{7B371B59-6ED8-42F8-9C2B-635B775D60AA} = {241B3DAD-5CA6-41D2-9138-FCCD865E5A4C}
		{3BBE122E-1B62-4AC9-81CB-735E579264C7} = {BDD464A1-018C-4FE4-AF43-A002C34D80AB}
		{A90A87DA-DFD3-446B-AD90-7E5EF61B8774} = {BDD464A1-018C-4FE4-AF43-A002C34D80AB}
		{5886DFF4-CDFF-494A-BF8D-68C82D15910E} = {3BBE122E-1B62-4AC9-81CB-735E579264C7}
		{7605CDD3-5963-48D1-AA3C-FFC69F12EDAC} = {3BBE122E-1B62-4AC9-81CB-735E579264C7}
		{39742593-E3D8-4BF2-BD55-D7DB7E43BBA3} = {3BBE122E-1B62-4AC9-81CB-735E579264C7}
		{1B5838AB-8D69-4D8F-AB2C-150C16C330F3} = {3BBE122E-1B62-4AC9-81CB-735E579264C7}
		{5106667A-B849-45F3-B6E0-3E5291A0FC22} = {A90A87DA-DFD3-446B-AD90-7E5EF61B8774}
		{E6331CC1-F30E-48E7-AD9B-F38E9CF2C294} = {A90A87DA-DFD3-446B-AD90-7E5EF61B8774}
		{3FFF2C7C-D5AD-4E47-BDC5-1A7F1390796D} = {A90A87DA-DFD3-446B-AD90-7E5EF61B8774}
		{E62C2D4D-8291-4771-A848-A5943E56761D} = {A90A87DA-DFD3-446B-AD90-7E5EF61B8774}
	EndGlobalSection
EndGlobal
